
Microsoft Visual Studio Solution File, Format Version 12.00
# Visual Studio Version 17
VisualStudioVersion = 17.14.36408.4
MinimumVisualStudioVersion = 10.0.40219.1
Project("{FAE04EC0-301F-11D3-BF4B-00C04F79EFBC}") = "OilGsSimulationToObject", "OilGsSimulationToObject\OilGsSimulationToObject.csproj", "{1AE99E82-74C3-31B9-12A4-CF45A03644DF}"
EndProject
Project("{FAE04EC0-301F-11D3-BF4B-00C04F79EFBC}") = "ASPEnshu", "ASPEnshu\ASPEnshu.csproj", "{02154BCB-C01B-9F09-40B8-E07C3D3773A1}"
EndProject
Project("{FAE04EC0-301F-11D3-BF4B-00C04F79EFBC}") = "EntityFrameworkStudy", "EntityFrameworkStudy\EntityFrameworkStudy.csproj", "{9BAF3105-1DA5-C3AD-1FC2-EDC60F5A8413}"
EndProject
Project("{FAE04EC0-301F-11D3-BF4B-00C04F79EFBC}") = "Hidoki", "Hidoki\Hidoki.csproj", "{840490B8-61B1-419D-81D2-829F9F27EB81}"
EndProject
Project("{FAE04EC0-301F-11D3-BF4B-00C04F79EFBC}") = "ASPMVCStudy", "ASPMVCStudy\ASPMVCStudy.csproj", "{8A373125-C1FF-4DC1-A94C-025181E3B5BD}"
EndProject
Project("{FAE04EC0-301F-11D3-BF4B-00C04F79EFBC}") = "DI", "DI\DI.csproj", "{B3C8FCD2-A1C6-4F97-9FE5-EADE60DF846B}"
EndProject
Project("{FAE04EC0-301F-11D3-BF4B-00C04F79EFBC}") = "Delegation", "Delegation\Delegation.csproj", "{1301C11F-F882-8016-10A8-ED406B181593}"
EndProject
Project("{FAE04EC0-301F-11D3-BF4B-00C04F79EFBC}") = "GenericType", "GenericType\GenericType.csproj", "{45F22FC6-3D0D-4853-86E8-CA1F05D11EDA}"
EndProject
Global
	GlobalSection(SolutionConfigurationPlatforms) = preSolution
		Debug|Any CPU = Debug|Any CPU
		Release|Any CPU = Release|Any CPU
	EndGlobalSection
	GlobalSection(ProjectConfigurationPlatforms) = postSolution
		{1AE99E82-74C3-31B9-12A4-CF45A03644DF}.Debug|Any CPU.ActiveCfg = Debug|Any CPU
		{1AE99E82-74C3-31B9-12A4-CF45A03644DF}.Debug|Any CPU.Build.0 = Debug|Any CPU
		{1AE99E82-74C3-31B9-12A4-CF45A03644DF}.Release|Any CPU.ActiveCfg = Release|Any CPU
		{1AE99E82-74C3-31B9-12A4-CF45A03644DF}.Release|Any CPU.Build.0 = Release|Any CPU
		{02154BCB-C01B-9F09-40B8-E07C3D3773A1}.Debug|Any CPU.ActiveCfg = Debug|Any CPU
		{02154BCB-C01B-9F09-40B8-E07C3D3773A1}.Debug|Any CPU.Build.0 = Debug|Any CPU
		{02154BCB-C01B-9F09-40B8-E07C3D3773A1}.Release|Any CPU.ActiveCfg = Release|Any CPU
		{02154BCB-C01B-9F09-40B8-E07C3D3773A1}.Release|Any CPU.Build.0 = Release|Any CPU
		{9BAF3105-1DA5-C3AD-1FC2-EDC60F5A8413}.Debug|Any CPU.ActiveCfg = Debug|Any CPU
		{9BAF3105-1DA5-C3AD-1FC2-EDC60F5A8413}.Debug|Any CPU.Build.0 = Debug|Any CPU
		{9BAF3105-1DA5-C3AD-1FC2-EDC60F5A8413}.Release|Any CPU.ActiveCfg = Release|Any CPU
		{9BAF3105-1DA5-C3AD-1FC2-EDC60F5A8413}.Release|Any CPU.Build.0 = Release|Any CPU
		{840490B8-61B1-419D-81D2-829F9F27EB81}.Debug|Any CPU.ActiveCfg = Debug|Any CPU
		{840490B8-61B1-419D-81D2-829F9F27EB81}.Debug|Any CPU.Build.0 = Debug|Any CPU
		{840490B8-61B1-419D-81D2-829F9F27EB81}.Release|Any CPU.ActiveCfg = Release|Any CPU
		{840490B8-61B1-419D-81D2-829F9F27EB81}.Release|Any CPU.Build.0 = Release|Any CPU
		{8A373125-C1FF-4DC1-A94C-025181E3B5BD}.Debug|Any CPU.ActiveCfg = Debug|Any CPU
		{8A373125-C1FF-4DC1-A94C-025181E3B5BD}.Debug|Any CPU.Build.0 = Debug|Any CPU
		{8A373125-C1FF-4DC1-A94C-025181E3B5BD}.Release|Any CPU.ActiveCfg = Release|Any CPU
		{8A373125-C1FF-4DC1-A94C-025181E3B5BD}.Release|Any CPU.Build.0 = Release|Any CPU
		{B3C8FCD2-A1C6-4F97-9FE5-EADE60DF846B}.Debug|Any CPU.ActiveCfg = Debug|Any CPU
		{B3C8FCD2-A1C6-4F97-9FE5-EADE60DF846B}.Debug|Any CPU.Build.0 = Debug|Any CPU
		{B3C8FCD2-A1C6-4F97-9FE5-EADE60DF846B}.Release|Any CPU.ActiveCfg = Release|Any CPU
		{B3C8FCD2-A1C6-4F97-9FE5-EADE60DF846B}.Release|Any CPU.Build.0 = Release|Any CPU
		{1301C11F-F882-8016-10A8-ED406B181593}.Debug|Any CPU.ActiveCfg = Debug|Any CPU
		{1301C11F-F882-8016-10A8-ED406B181593}.Debug|Any CPU.Build.0 = Debug|Any CPU
		{1301C11F-F882-8016-10A8-ED406B181593}.Release|Any CPU.ActiveCfg = Release|Any CPU
		{1301C11F-F882-8016-10A8-ED406B181593}.Release|Any CPU.Build.0 = Release|Any CPU
		{45F22FC6-3D0D-4853-86E8-CA1F05D11EDA}.Debug|Any CPU.ActiveCfg = Debug|Any CPU
		{45F22FC6-3D0D-4853-86E8-CA1F05D11EDA}.Debug|Any CPU.Build.0 = Debug|Any CPU
		{45F22FC6-3D0D-4853-86E8-CA1F05D11EDA}.Release|Any CPU.ActiveCfg = Release|Any CPU
		{45F22FC6-3D0D-4853-86E8-CA1F05D11EDA}.Release|Any CPU.Build.0 = Release|Any CPU
	EndGlobalSection
	GlobalSection(SolutionProperties) = preSolution
		HideSolutionNode = FALSE
	EndGlobalSection
	GlobalSection(ExtensibilityGlobals) = postSolution
		SolutionGuid = {096C1424-2F77-4253-B7FD-8F3C28CB0601}
	EndGlobalSection
EndGlobal
